
Microsoft Visual Studio Solution File, Format Version 12.00
# Visual Studio Version 16
VisualStudioVersion = 16.0.31624.102
MinimumVisualStudioVersion = 10.0.40219.1
Project("{FAE04EC0-301F-11D3-BF4B-00C04F79EFBC}") = "AzureDemo", "AzureDemo.csproj", "{72F936C6-FAEB-457D-92E6-674E7A7AA9EA}"
EndProject
Global
	GlobalSection(SolutionConfigurationPlatforms) = preSolution
		Debug|Any CPU = Debug|Any CPU
		Release|Any CPU = Release|Any CPU
	EndGlobalSection
	GlobalSection(ProjectConfigurationPlatforms) = postSolution
		{72F936C6-FAEB-457D-92E6-674E7A7AA9EA}.Debug|Any CPU.ActiveCfg = Debug|Any CPU
		{72F936C6-FAEB-457D-92E6-674E7A7AA9EA}.Debug|Any CPU.Build.0 = Debug|Any CPU
		{72F936C6-FAEB-457D-92E6-674E7A7AA9EA}.Release|Any CPU.ActiveCfg = Release|Any CPU
		{72F936C6-FAEB-457D-92E6-674E7A7AA9EA}.Release|Any CPU.Build.0 = Release|Any CPU
	EndGlobalSection
	GlobalSection(SolutionProperties) = preSolution
		HideSolutionNode = FALSE
	EndGlobalSection
	GlobalSection(ExtensibilityGlobals) = postSolution
		SolutionGuid = {E3708A8A-DD0E-4A1D-B82C-A80AE211E771}
	EndGlobalSection
EndGlobal
