
Microsoft Visual Studio Solution File, Format Version 12.00
# Visual Studio Version 16
VisualStudioVersion = 16.0.31613.86
MinimumVisualStudioVersion = 10.0.40219.1
Project("{FAE04EC0-301F-11D3-BF4B-00C04F79EFBC}") = "HelloWorld", "HelloWorld.csproj", "{787DD5CF-F7AC-4895-A8FA-294C7F0EAA1C}"
EndProject
Global
	GlobalSection(SolutionConfigurationPlatforms) = preSolution
		Debug|Any CPU = Debug|Any CPU
		Release|Any CPU = Release|Any CPU
	EndGlobalSection
	GlobalSection(ProjectConfigurationPlatforms) = postSolution
		{787DD5CF-F7AC-4895-A8FA-294C7F0EAA1C}.Debug|Any CPU.ActiveCfg = Debug|Any CPU
		{787DD5CF-F7AC-4895-A8FA-294C7F0EAA1C}.Debug|Any CPU.Build.0 = Debug|Any CPU
		{787DD5CF-F7AC-4895-A8FA-294C7F0EAA1C}.Release|Any CPU.ActiveCfg = Release|Any CPU
		{787DD5CF-F7AC-4895-A8FA-294C7F0EAA1C}.Release|Any CPU.Build.0 = Release|Any CPU
	EndGlobalSection
	GlobalSection(SolutionProperties) = preSolution
		HideSolutionNode = FALSE
	EndGlobalSection
	GlobalSection(ExtensibilityGlobals) = postSolution
		SolutionGuid = {C50C0DEA-5BE9-49AB-B0CB-9FB2548C0296}
	EndGlobalSection
EndGlobal
